
Microsoft Visual Studio Solution File, Format Version 12.00
# Visual Studio 14
VisualStudioVersion = 14.0.23107.0
MinimumVisualStudioVersion = 10.0.40219.1
Project("{FAE04EC0-301F-11D3-BF4B-00C04F79EFBC}") = "Serializer", "Serializer\Serializer.csproj", "{D699275F-88A5-4291-9CD4-C563E8E8E8DB}"
EndProject
Global
	GlobalSection(SolutionConfigurationPlatforms) = preSolution
		Debug|Any CPU = Debug|Any CPU
		Release|Any CPU = Release|Any CPU
	EndGlobalSection
	GlobalSection(ProjectConfigurationPlatforms) = postSolution
		{D699275F-88A5-4291-9CD4-C563E8E8E8DB}.Debug|Any CPU.ActiveCfg = Debug|Any CPU
		{D699275F-88A5-4291-9CD4-C563E8E8E8DB}.Debug|Any CPU.Build.0 = Debug|Any CPU
		{D699275F-88A5-4291-9CD4-C563E8E8E8DB}.Release|Any CPU.ActiveCfg = Release|Any CPU
		{D699275F-88A5-4291-9CD4-C563E8E8E8DB}.Release|Any CPU.Build.0 = Release|Any CPU
	EndGlobalSection
	GlobalSection(SolutionProperties) = preSolution
		HideSolutionNode = FALSE
	EndGlobalSection
EndGlobal
